
Microsoft Visual Studio Solution File, Format Version 12.00
# Visual Studio 15
VisualStudioVersion = 15.0.28307.329
MinimumVisualStudioVersion = 10.0.40219.1
Project("{FAE04EC0-301F-11D3-BF4B-00C04F79EFBC}") = "Pansiyon Program", "Pansiyon Program\Pansiyon Program.csproj", "{21829CD8-EECB-4F0F-BD07-60EDA98EEEA0}"
EndProject
Project("{54435603-DBB4-11D2-8724-00A0C9A8B90C}") = "Setup1", "Setup1\Setup1.vdproj", "{D23E7EDB-78E6-457B-8208-6476D71B64A2}"
EndProject
Global
	GlobalSection(SolutionConfigurationPlatforms) = preSolution
		Debug|Any CPU = Debug|Any CPU
		Release|Any CPU = Release|Any CPU
	EndGlobalSection
	GlobalSection(ProjectConfigurationPlatforms) = postSolution
		{21829CD8-EECB-4F0F-BD07-60EDA98EEEA0}.Debug|Any CPU.ActiveCfg = Debug|Any CPU
		{21829CD8-EECB-4F0F-BD07-60EDA98EEEA0}.Debug|Any CPU.Build.0 = Debug|Any CPU
		{21829CD8-EECB-4F0F-BD07-60EDA98EEEA0}.Release|Any CPU.ActiveCfg = Release|Any CPU
		{21829CD8-EECB-4F0F-BD07-60EDA98EEEA0}.Release|Any CPU.Build.0 = Release|Any CPU
		{D23E7EDB-78E6-457B-8208-6476D71B64A2}.Debug|Any CPU.ActiveCfg = Debug
		{D23E7EDB-78E6-457B-8208-6476D71B64A2}.Release|Any CPU.ActiveCfg = Release
	EndGlobalSection
	GlobalSection(SolutionProperties) = preSolution
		HideSolutionNode = FALSE
	EndGlobalSection
	GlobalSection(ExtensibilityGlobals) = postSolution
		SolutionGuid = {23EB2AA2-51D1-40E4-8FEE-3165DEC63080}
	EndGlobalSection
EndGlobal
